
Microsoft Visual Studio Solution File, Format Version 12.00
# Visual Studio Version 17
VisualStudioVersion = 17.0.32112.339
MinimumVisualStudioVersion = 10.0.40219.1
Project("{FAE04EC0-301F-11D3-BF4B-00C04F79EFBC}") = "Snake", "Snake\Snake.csproj", "{5F78A696-B168-4A09-99BE-893557E00573}"
EndProject
Global
	GlobalSection(SolutionConfigurationPlatforms) = preSolution
		Debug|Any CPU = Debug|Any CPU
		Release|Any CPU = Release|Any CPU
	EndGlobalSection
	GlobalSection(ProjectConfigurationPlatforms) = postSolution
		{5F78A696-B168-4A09-99BE-893557E00573}.Debug|Any CPU.ActiveCfg = Debug|Any CPU
		{5F78A696-B168-4A09-99BE-893557E00573}.Debug|Any CPU.Build.0 = Debug|Any CPU
		{5F78A696-B168-4A09-99BE-893557E00573}.Release|Any CPU.ActiveCfg = Release|Any CPU
		{5F78A696-B168-4A09-99BE-893557E00573}.Release|Any CPU.Build.0 = Release|Any CPU
	EndGlobalSection
	GlobalSection(SolutionProperties) = preSolution
		HideSolutionNode = FALSE
	EndGlobalSection
	GlobalSection(ExtensibilityGlobals) = postSolution
		SolutionGuid = {5335E757-23D3-41DA-92D3-CB4DC87D04BC}
	EndGlobalSection
EndGlobal
